
Microsoft Visual Studio Solution File, Format Version 12.00
# Visual Studio Version 16
VisualStudioVersion = 16.0.33529.622
MinimumVisualStudioVersion = 10.0.40219.1
Project("{8BC9CEB8-8B4A-11D0-8D11-00A0C91BC942}") = "Less03_1", "Less03_1\Less03_1.vcxproj", "{56B21927-0879-4F87-9AB3-35B5121C896D}"
EndProject
Global
	GlobalSection(SolutionConfigurationPlatforms) = preSolution
		Debug|x64 = Debug|x64
		Debug|x86 = Debug|x86
		Release|x64 = Release|x64
		Release|x86 = Release|x86
	EndGlobalSection
	GlobalSection(ProjectConfigurationPlatforms) = postSolution
		{56B21927-0879-4F87-9AB3-35B5121C896D}.Debug|x64.ActiveCfg = Debug|x64
		{56B21927-0879-4F87-9AB3-35B5121C896D}.Debug|x64.Build.0 = Debug|x64
		{56B21927-0879-4F87-9AB3-35B5121C896D}.Debug|x86.ActiveCfg = Debug|Win32
		{56B21927-0879-4F87-9AB3-35B5121C896D}.Debug|x86.Build.0 = Debug|Win32
		{56B21927-0879-4F87-9AB3-35B5121C896D}.Release|x64.ActiveCfg = Release|x64
		{56B21927-0879-4F87-9AB3-35B5121C896D}.Release|x64.Build.0 = Release|x64
		{56B21927-0879-4F87-9AB3-35B5121C896D}.Release|x86.ActiveCfg = Release|Win32
		{56B21927-0879-4F87-9AB3-35B5121C896D}.Release|x86.Build.0 = Release|Win32
	EndGlobalSection
	GlobalSection(SolutionProperties) = preSolution
		HideSolutionNode = FALSE
	EndGlobalSection
	GlobalSection(ExtensibilityGlobals) = postSolution
		SolutionGuid = {7668D0FC-D7E5-4C13-B538-61A2E84EA53C}
	EndGlobalSection
EndGlobal
